
Microsoft Visual Studio Solution File, Format Version 12.00
# Visual Studio 15
VisualStudioVersion = 15.0.28307.421
MinimumVisualStudioVersion = 10.0.40219.1
Project("{FAE04EC0-301F-11D3-BF4B-00C04F79EFBC}") = "HttpRequest_Bai1_GetDataFrom_HowKteam", "HttpRequest_Bai1_GetDataFrom_HowKteam\HttpRequest_Bai1_GetDataFrom_HowKteam.csproj", "{084AB301-EE54-4BDF-A02E-04A25CE30704}"
EndProject
Global
	GlobalSection(SolutionConfigurationPlatforms) = preSolution
		Debug|Any CPU = Debug|Any CPU
		Release|Any CPU = Release|Any CPU
	EndGlobalSection
	GlobalSection(ProjectConfigurationPlatforms) = postSolution
		{084AB301-EE54-4BDF-A02E-04A25CE30704}.Debug|Any CPU.ActiveCfg = Debug|Any CPU
		{084AB301-EE54-4BDF-A02E-04A25CE30704}.Debug|Any CPU.Build.0 = Debug|Any CPU
		{084AB301-EE54-4BDF-A02E-04A25CE30704}.Release|Any CPU.ActiveCfg = Release|Any CPU
		{084AB301-EE54-4BDF-A02E-04A25CE30704}.Release|Any CPU.Build.0 = Release|Any CPU
	EndGlobalSection
	GlobalSection(SolutionProperties) = preSolution
		HideSolutionNode = FALSE
	EndGlobalSection
	GlobalSection(ExtensibilityGlobals) = postSolution
		SolutionGuid = {0E582C82-3B30-4925-A4AE-E4FCF5B02E34}
	EndGlobalSection
EndGlobal
